{
  "name": "linecolor",
  "version": "1.0.11",
  "lockfileVersion": 3,
  "requires": true,
  "packages": {
    "": {
      "name": "linecolor",
      "version": "1.0.11",
      "license": "MIT",
      "dependencies": {
        "linecolor": "^1.0.4"
      }
    },
    "node_modules/linecolor": {
      "version": "1.0.4",
      "resolved": "https://registry.npmjs.org/linecolor/-/linecolor-1.0.4.tgz",
      "integrity": "sha512-qjN1aSiwb/I7mtpkuRGsiqRGuR6oSQ0Qdy3f0HIBfSooNzY0dy/837XWv2OBrG1gj8M16U4+DvF8O4lClCwWIw==",
      "license": "MIT"
    }
  }
}
